PODS:
  - device_info (0.0.1):
    - Flutter
  - Flutter (1.0.0)
  - share (0.0.1):
    - Flutter
  - shared_preferences_ios (0.0.1):
    - Flutter

DEPENDENCIES:
  - device_info (from `.symlinks/plugins/device_info/ios`)
  - Flutter (from `Flutter`)
  - share (from `.symlinks/plugins/share/ios`)
  - shared_preferences_ios (from `.symlinks/plugins/shared_preferences_ios/ios`)

EXTERNAL SOURCES:
  device_info:
    :path: ".symlinks/plugins/device_info/ios"
  Flutter:
    :path: Flutter
  share:
    :path: ".symlinks/plugins/share/ios"
  shared_preferences_ios:
    :path: ".symlinks/plugins/shared_preferences_ios/ios"

SPEC CHECKSUMS:
  device_info: d7d233b645a32c40dfdc212de5cf646ca482f175
  Flutter: 50d75fe2f02b26cc09d224853bb45737f8b3214a
  share: 0b2c3e82132f5888bccca3351c504d0003b3b410
  shared_preferences_ios: aef470a42dc4675a1cdd50e3158b42e3d1232b32

PODFILE CHECKSUM: aafe91acc616949ddb318b77800a7f51bffa2a4c

COCOAPODS: 1.10.2
